{
  "version": 4,
  "terraform_version": "0.13.4",
  "serial": 2,
  "lineage": "e672efea-7b50-ec16-2399-9305ba956eb4",
  "outputs": {},
  "resources": [
    {
      "mode": "managed",
      "type": "aws_vpc",
      "name": "myvpc",
      "provider": "provider[\"registry.terraform.io/hashicorp/aws\"]",
      "instances": [
        {
          "schema_version": 1,
          "attributes": {
            "arn": "arn:aws:ec2:us-west-2:370612984446:vpc/vpc-005f119684affe508",
            "assign_generated_ipv6_cidr_block": false,
            "cidr_block": "10.10.0.0/16",
            "default_network_acl_id": "acl-06011908deae3621a",
            "default_route_table_id": "rtb-0aa231d39b1c03107",
            "default_security_group_id": "sg-02699b564b9a71ee7",
            "dhcp_options_id": "dopt-b3054ccb",
            "enable_classiclink": false,
            "enable_classiclink_dns_support": false,
            "enable_dns_hostnames": false,
            "enable_dns_support": true,
            "id": "vpc-005f119684affe508",
            "instance_tenancy": "default",
            "ipv6_association_id": "",
            "ipv6_cidr_block": "",
            "main_route_table_id": "rtb-0aa231d39b1c03107",
            "owner_id": "370612984446",
            "tags": {
              "Name": "vpc-prod"
            }
          },
          "private": "eyJzY2hlbWFfdmVyc2lvbiI6IjEifQ=="
        }
      ]
    },
    {
      "mode": "managed",
      "type": "aws_vpc",
      "name": "myvpc2",
      "provider": "provider[\"registry.terraform.io/hashicorp/aws\"]",
      "instances": [
        {
          "schema_version": 1,
          "attributes": {
            "arn": "arn:aws:ec2:us-west-2:370612984446:vpc/vpc-04919619eeb428697",
            "assign_generated_ipv6_cidr_block": false,
            "cidr_block": "192.168.0.0/24",
            "default_network_acl_id": "acl-077a96637e0a66001",
            "default_route_table_id": "rtb-0334f4f4f0cb809ec",
            "default_security_group_id": "sg-02fc4bfe51df8d6c3",
            "dhcp_options_id": "dopt-b3054ccb",
            "enable_classiclink": false,
            "enable_classiclink_dns_support": false,
            "enable_dns_hostnames": false,
            "enable_dns_support": true,
            "id": "vpc-04919619eeb428697",
            "instance_tenancy": "default",
            "ipv6_association_id": "",
            "ipv6_cidr_block": "",
            "main_route_table_id": "rtb-0334f4f4f0cb809ec",
            "owner_id": "370612984446",
            "tags": {}
          },
          "private": "eyJzY2hlbWFfdmVyc2lvbiI6IjEifQ=="
        }
      ]
    }
  ]
}
